
Microsoft Visual Studio Solution File, Format Version 12.00
# Visual Studio Version 16
VisualStudioVersion = 16.0.29009.5
MinimumVisualStudioVersion = 10.0.40219.1
Project("{FAE04EC0-301F-11D3-BF4B-00C04F79EFBC}") = "FingerprintScanner", "FingerprintScanner\FingerprintScanner.csproj", "{289CEF49-7960-4D11-92B6-EB8790C435F0}"
EndProject
Project("{FAE04EC0-301F-11D3-BF4B-00C04F79EFBC}") = "SwitchLib", "SwitchLib\SwitchLib.csproj", "{FC5B49EC-6DE4-4CD6-AD90-4AA610E4E4C1}"
EndProject
Project("{FAE04EC0-301F-11D3-BF4B-00C04F79EFBC}") = "ServiceLib", "ServiceLib\ServiceLib.csproj", "{6FCE91D5-DB29-4D2E-AF92-456EF2A52D44}"
EndProject
Global
	GlobalSection(SolutionConfigurationPlatforms) = preSolution
		Debug|Any CPU = Debug|Any CPU
		Release|Any CPU = Release|Any CPU
	EndGlobalSection
	GlobalSection(ProjectConfigurationPlatforms) = postSolution
		{289CEF49-7960-4D11-92B6-EB8790C435F0}.Debug|Any CPU.ActiveCfg = Debug|Any CPU
		{289CEF49-7960-4D11-92B6-EB8790C435F0}.Debug|Any CPU.Build.0 = Debug|Any CPU
		{289CEF49-7960-4D11-92B6-EB8790C435F0}.Debug|Any CPU.Deploy.0 = Debug|Any CPU
		{289CEF49-7960-4D11-92B6-EB8790C435F0}.Release|Any CPU.ActiveCfg = Release|Any CPU
		{289CEF49-7960-4D11-92B6-EB8790C435F0}.Release|Any CPU.Build.0 = Release|Any CPU
		{289CEF49-7960-4D11-92B6-EB8790C435F0}.Release|Any CPU.Deploy.0 = Release|Any CPU
		{FC5B49EC-6DE4-4CD6-AD90-4AA610E4E4C1}.Debug|Any CPU.ActiveCfg = Debug|Any CPU
		{FC5B49EC-6DE4-4CD6-AD90-4AA610E4E4C1}.Debug|Any CPU.Build.0 = Debug|Any CPU
		{FC5B49EC-6DE4-4CD6-AD90-4AA610E4E4C1}.Release|Any CPU.ActiveCfg = Release|Any CPU
		{FC5B49EC-6DE4-4CD6-AD90-4AA610E4E4C1}.Release|Any CPU.Build.0 = Release|Any CPU
		{6FCE91D5-DB29-4D2E-AF92-456EF2A52D44}.Debug|Any CPU.ActiveCfg = Debug|Any CPU
		{6FCE91D5-DB29-4D2E-AF92-456EF2A52D44}.Debug|Any CPU.Build.0 = Debug|Any CPU
		{6FCE91D5-DB29-4D2E-AF92-456EF2A52D44}.Release|Any CPU.ActiveCfg = Release|Any CPU
		{6FCE91D5-DB29-4D2E-AF92-456EF2A52D44}.Release|Any CPU.Build.0 = Release|Any CPU
	EndGlobalSection
	GlobalSection(SolutionProperties) = preSolution
		HideSolutionNode = FALSE
	EndGlobalSection
	GlobalSection(ExtensibilityGlobals) = postSolution
		SolutionGuid = {89F4949A-7A77-4414-B81C-AAF01B406C2F}
	EndGlobalSection
EndGlobal
